
Microsoft Visual Studio Solution File, Format Version 12.00
# Visual Studio Version 16
VisualStudioVersion = 16.0.30114.105
MinimumVisualStudioVersion = 10.0.40219.1
Project("{FAE04EC0-301F-11D3-BF4B-00C04F79EFBC}") = "GaleriaImagens.API", "GaleriaImagens.API\GaleriaImagens.API.csproj", "{84DDC36B-11DE-4A68-AFEC-69D058756696}"
EndProject
Project("{FAE04EC0-301F-11D3-BF4B-00C04F79EFBC}") = "GaleriaImagens.Application", "GaleriaImagens.Application\GaleriaImagens.Application.csproj", "{887383AA-9A8C-451C-85BD-EE059B454AA6}"
EndProject
Project("{FAE04EC0-301F-11D3-BF4B-00C04F79EFBC}") = "GaleriaImagens.Business", "GaleriaImagens.Business\GaleriaImagens.Business.csproj", "{318CF608-4A83-4486-A61A-0A41CBD2ED31}"
EndProject
Project("{FAE04EC0-301F-11D3-BF4B-00C04F79EFBC}") = "GaleriaImagens.Repository", "GaleriaImagens.Repository\GaleriaImagens.Repository.csproj", "{C472995A-20CE-498B-A37C-86D4CBACD9FB}"
EndProject
Global
	GlobalSection(SolutionConfigurationPlatforms) = preSolution
		Debug|Any CPU = Debug|Any CPU
		Debug|x64 = Debug|x64
		Debug|x86 = Debug|x86
		Release|Any CPU = Release|Any CPU
		Release|x64 = Release|x64
		Release|x86 = Release|x86
	EndGlobalSection
	GlobalSection(SolutionProperties) = preSolution
		HideSolutionNode = FALSE
	EndGlobalSection
	GlobalSection(ProjectConfigurationPlatforms) = postSolution
		{84DDC36B-11DE-4A68-AFEC-69D058756696}.Debug|Any CPU.ActiveCfg = Debug|Any CPU
		{84DDC36B-11DE-4A68-AFEC-69D058756696}.Debug|Any CPU.Build.0 = Debug|Any CPU
		{84DDC36B-11DE-4A68-AFEC-69D058756696}.Debug|x64.ActiveCfg = Debug|Any CPU
		{84DDC36B-11DE-4A68-AFEC-69D058756696}.Debug|x64.Build.0 = Debug|Any CPU
		{84DDC36B-11DE-4A68-AFEC-69D058756696}.Debug|x86.ActiveCfg = Debug|Any CPU
		{84DDC36B-11DE-4A68-AFEC-69D058756696}.Debug|x86.Build.0 = Debug|Any CPU
		{84DDC36B-11DE-4A68-AFEC-69D058756696}.Release|Any CPU.ActiveCfg = Release|Any CPU
		{84DDC36B-11DE-4A68-AFEC-69D058756696}.Release|Any CPU.Build.0 = Release|Any CPU
		{84DDC36B-11DE-4A68-AFEC-69D058756696}.Release|x64.ActiveCfg = Release|Any CPU
		{84DDC36B-11DE-4A68-AFEC-69D058756696}.Release|x64.Build.0 = Release|Any CPU
		{84DDC36B-11DE-4A68-AFEC-69D058756696}.Release|x86.ActiveCfg = Release|Any CPU
		{84DDC36B-11DE-4A68-AFEC-69D058756696}.Release|x86.Build.0 = Release|Any CPU
		{887383AA-9A8C-451C-85BD-EE059B454AA6}.Debug|Any CPU.ActiveCfg = Debug|Any CPU
		{887383AA-9A8C-451C-85BD-EE059B454AA6}.Debug|Any CPU.Build.0 = Debug|Any CPU
		{887383AA-9A8C-451C-85BD-EE059B454AA6}.Debug|x64.ActiveCfg = Debug|Any CPU
		{887383AA-9A8C-451C-85BD-EE059B454AA6}.Debug|x64.Build.0 = Debug|Any CPU
		{887383AA-9A8C-451C-85BD-EE059B454AA6}.Debug|x86.ActiveCfg = Debug|Any CPU
		{887383AA-9A8C-451C-85BD-EE059B454AA6}.Debug|x86.Build.0 = Debug|Any CPU
		{887383AA-9A8C-451C-85BD-EE059B454AA6}.Release|Any CPU.ActiveCfg = Release|Any CPU
		{887383AA-9A8C-451C-85BD-EE059B454AA6}.Release|Any CPU.Build.0 = Release|Any CPU
		{887383AA-9A8C-451C-85BD-EE059B454AA6}.Release|x64.ActiveCfg = Release|Any CPU
		{887383AA-9A8C-451C-85BD-EE059B454AA6}.Release|x64.Build.0 = Release|Any CPU
		{887383AA-9A8C-451C-85BD-EE059B454AA6}.Release|x86.ActiveCfg = Release|Any CPU
		{887383AA-9A8C-451C-85BD-EE059B454AA6}.Release|x86.Build.0 = Release|Any CPU
		{318CF608-4A83-4486-A61A-0A41CBD2ED31}.Debug|Any CPU.ActiveCfg = Debug|Any CPU
		{318CF608-4A83-4486-A61A-0A41CBD2ED31}.Debug|Any CPU.Build.0 = Debug|Any CPU
		{318CF608-4A83-4486-A61A-0A41CBD2ED31}.Debug|x64.ActiveCfg = Debug|Any CPU
		{318CF608-4A83-4486-A61A-0A41CBD2ED31}.Debug|x64.Build.0 = Debug|Any CPU
		{318CF608-4A83-4486-A61A-0A41CBD2ED31}.Debug|x86.ActiveCfg = Debug|Any CPU
		{318CF608-4A83-4486-A61A-0A41CBD2ED31}.Debug|x86.Build.0 = Debug|Any CPU
		{318CF608-4A83-4486-A61A-0A41CBD2ED31}.Release|Any CPU.ActiveCfg = Release|Any CPU
		{318CF608-4A83-4486-A61A-0A41CBD2ED31}.Release|Any CPU.Build.0 = Release|Any CPU
		{318CF608-4A83-4486-A61A-0A41CBD2ED31}.Release|x64.ActiveCfg = Release|Any CPU
		{318CF608-4A83-4486-A61A-0A41CBD2ED31}.Release|x64.Build.0 = Release|Any CPU
		{318CF608-4A83-4486-A61A-0A41CBD2ED31}.Release|x86.ActiveCfg = Release|Any CPU
		{318CF608-4A83-4486-A61A-0A41CBD2ED31}.Release|x86.Build.0 = Release|Any CPU
		{C472995A-20CE-498B-A37C-86D4CBACD9FB}.Debug|Any CPU.ActiveCfg = Debug|Any CPU
		{C472995A-20CE-498B-A37C-86D4CBACD9FB}.Debug|Any CPU.Build.0 = Debug|Any CPU
		{C472995A-20CE-498B-A37C-86D4CBACD9FB}.Debug|x64.ActiveCfg = Debug|Any CPU
		{C472995A-20CE-498B-A37C-86D4CBACD9FB}.Debug|x64.Build.0 = Debug|Any CPU
		{C472995A-20CE-498B-A37C-86D4CBACD9FB}.Debug|x86.ActiveCfg = Debug|Any CPU
		{C472995A-20CE-498B-A37C-86D4CBACD9FB}.Debug|x86.Build.0 = Debug|Any CPU
		{C472995A-20CE-498B-A37C-86D4CBACD9FB}.Release|Any CPU.ActiveCfg = Release|Any CPU
		{C472995A-20CE-498B-A37C-86D4CBACD9FB}.Release|Any CPU.Build.0 = Release|Any CPU
		{C472995A-20CE-498B-A37C-86D4CBACD9FB}.Release|x64.ActiveCfg = Release|Any CPU
		{C472995A-20CE-498B-A37C-86D4CBACD9FB}.Release|x64.Build.0 = Release|Any CPU
		{C472995A-20CE-498B-A37C-86D4CBACD9FB}.Release|x86.ActiveCfg = Release|Any CPU
		{C472995A-20CE-498B-A37C-86D4CBACD9FB}.Release|x86.Build.0 = Release|Any CPU
	EndGlobalSection
EndGlobal
