
Microsoft Visual Studio Solution File, Format Version 12.00
# Visual Studio Version 17
VisualStudioVersion = 17.4.33403.182
MinimumVisualStudioVersion = 10.0.40219.1
Project("{FAE04EC0-301F-11D3-BF4B-00C04F79EFBC}") = "Pensamentos", "Pensamentos\Pensamentos.csproj", "{E5A4BEE7-3C4D-486F-BC40-8797F15EA277}"
EndProject
Project("{2150E333-8FDC-42A3-9474-1A3956D46DE8}") = "Solution Items", "Solution Items", "{B28403B1-B872-41E8-AD0C-192E9D495F3D}"
	ProjectSection(SolutionItems) = preProject
		.editorconfig = .editorconfig
	EndProjectSection
EndProject
Global
	GlobalSection(SolutionConfigurationPlatforms) = preSolution
		Debug|Any CPU = Debug|Any CPU
		Release|Any CPU = Release|Any CPU
	EndGlobalSection
	GlobalSection(ProjectConfigurationPlatforms) = postSolution
		{E5A4BEE7-3C4D-486F-BC40-8797F15EA277}.Debug|Any CPU.ActiveCfg = Debug|Any CPU
		{E5A4BEE7-3C4D-486F-BC40-8797F15EA277}.Debug|Any CPU.Build.0 = Debug|Any CPU
		{E5A4BEE7-3C4D-486F-BC40-8797F15EA277}.Release|Any CPU.ActiveCfg = Release|Any CPU
		{E5A4BEE7-3C4D-486F-BC40-8797F15EA277}.Release|Any CPU.Build.0 = Release|Any CPU
	EndGlobalSection
	GlobalSection(SolutionProperties) = preSolution
		HideSolutionNode = FALSE
	EndGlobalSection
	GlobalSection(ExtensibilityGlobals) = postSolution
		SolutionGuid = {3B0AFE40-2563-4AA2-87BB-6FA42026886C}
	EndGlobalSection
EndGlobal
