
Microsoft Visual Studio Solution File, Format Version 12.00
# Visual Studio Version 16
VisualStudioVersion = 16.0.31410.357
MinimumVisualStudioVersion = 10.0.40219.1
Project("{9A19103F-16F7-4668-BE54-9A1E7A4F7556}") = "ControleFinanceiro.API", "ControleFinanceiro.API\ControleFinanceiro.API.csproj", "{1984FA9A-42DA-41D7-96BF-304BFF2C0EA7}"
EndProject
Project("{9A19103F-16F7-4668-BE54-9A1E7A4F7556}") = "ControleFinanceiro.BLL", "ControleFinanceiro.BLL\ControleFinanceiro.BLL.csproj", "{5A9BC8A9-652C-44C0-9A9A-B47660FA3E16}"
EndProject
Project("{FAE04EC0-301F-11D3-BF4B-00C04F79EFBC}") = "ControleFinanceiro.DAL", "ControleFinanceiro.DAL\ControleFinanceiro.DAL.csproj", "{EE1A33F3-B0B0-4AAA-844F-C7B0D557D633}"
EndProject
Global
	GlobalSection(SolutionConfigurationPlatforms) = preSolution
		Debug|Any CPU = Debug|Any CPU
		Release|Any CPU = Release|Any CPU
	EndGlobalSection
	GlobalSection(ProjectConfigurationPlatforms) = postSolution
		{1984FA9A-42DA-41D7-96BF-304BFF2C0EA7}.Debug|Any CPU.ActiveCfg = Debug|Any CPU
		{1984FA9A-42DA-41D7-96BF-304BFF2C0EA7}.Debug|Any CPU.Build.0 = Debug|Any CPU
		{1984FA9A-42DA-41D7-96BF-304BFF2C0EA7}.Release|Any CPU.ActiveCfg = Release|Any CPU
		{1984FA9A-42DA-41D7-96BF-304BFF2C0EA7}.Release|Any CPU.Build.0 = Release|Any CPU
		{5A9BC8A9-652C-44C0-9A9A-B47660FA3E16}.Debug|Any CPU.ActiveCfg = Debug|Any CPU
		{5A9BC8A9-652C-44C0-9A9A-B47660FA3E16}.Debug|Any CPU.Build.0 = Debug|Any CPU
		{5A9BC8A9-652C-44C0-9A9A-B47660FA3E16}.Release|Any CPU.ActiveCfg = Release|Any CPU
		{5A9BC8A9-652C-44C0-9A9A-B47660FA3E16}.Release|Any CPU.Build.0 = Release|Any CPU
		{EE1A33F3-B0B0-4AAA-844F-C7B0D557D633}.Debug|Any CPU.ActiveCfg = Debug|Any CPU
		{EE1A33F3-B0B0-4AAA-844F-C7B0D557D633}.Debug|Any CPU.Build.0 = Debug|Any CPU
		{EE1A33F3-B0B0-4AAA-844F-C7B0D557D633}.Release|Any CPU.ActiveCfg = Release|Any CPU
		{EE1A33F3-B0B0-4AAA-844F-C7B0D557D633}.Release|Any CPU.Build.0 = Release|Any CPU
	EndGlobalSection
	GlobalSection(SolutionProperties) = preSolution
		HideSolutionNode = FALSE
	EndGlobalSection
	GlobalSection(ExtensibilityGlobals) = postSolution
		SolutionGuid = {0477B564-CFA2-42BB-A6CA-7C6A0AC2F2A6}
	EndGlobalSection
EndGlobal
