
Microsoft Visual Studio Solution File, Format Version 12.00
# Visual Studio Version 16
VisualStudioVersion = 16.0.31424.327
MinimumVisualStudioVersion = 10.0.40219.1
Project("{FAE04EC0-301F-11D3-BF4B-00C04F79EFBC}") = "testMongoDB", "testMongoDB\testMongoDB.csproj", "{9C7EA214-56DB-4677-A000-CA0C16900A8E}"
EndProject
Global
	GlobalSection(SolutionConfigurationPlatforms) = preSolution
		Debug|Any CPU = Debug|Any CPU
		Release|Any CPU = Release|Any CPU
	EndGlobalSection
	GlobalSection(ProjectConfigurationPlatforms) = postSolution
		{9C7EA214-56DB-4677-A000-CA0C16900A8E}.Debug|Any CPU.ActiveCfg = Debug|Any CPU
		{9C7EA214-56DB-4677-A000-CA0C16900A8E}.Debug|Any CPU.Build.0 = Debug|Any CPU
		{9C7EA214-56DB-4677-A000-CA0C16900A8E}.Release|Any CPU.ActiveCfg = Release|Any CPU
		{9C7EA214-56DB-4677-A000-CA0C16900A8E}.Release|Any CPU.Build.0 = Release|Any CPU
	EndGlobalSection
	GlobalSection(SolutionProperties) = preSolution
		HideSolutionNode = FALSE
	EndGlobalSection
	GlobalSection(ExtensibilityGlobals) = postSolution
		SolutionGuid = {7431A8C5-73D2-41F6-BDF4-E98BAC77E1CA}
	EndGlobalSection
EndGlobal
