
Microsoft Visual Studio Solution File, Format Version 12.00
# Visual Studio 15
VisualStudioVersion = 15.0.26124.0
MinimumVisualStudioVersion = 15.0.26124.0
Project("{FAE04EC0-301F-11D3-BF4B-00C04F79EFBC}") = "EFWebAPI", "EFWebAPI\EFWebAPI.csproj", "{9B2ECA24-8577-4435-932D-F358A68A647F}"
EndProject
Project("{FAE04EC0-301F-11D3-BF4B-00C04F79EFBC}") = "EFRepository", "EFRepository\EFRepository.csproj", "{2D298DFC-C768-4CD8-BB17-0244427B2ADE}"
EndProject
Project("{FAE04EC0-301F-11D3-BF4B-00C04F79EFBC}") = "EFDomain", "EFDomain\EFDomain.csproj", "{309E7420-AF6E-4333-8049-252FFE3D94B7}"
EndProject
Global
	GlobalSection(SolutionConfigurationPlatforms) = preSolution
		Debug|Any CPU = Debug|Any CPU
		Debug|x64 = Debug|x64
		Debug|x86 = Debug|x86
		Release|Any CPU = Release|Any CPU
		Release|x64 = Release|x64
		Release|x86 = Release|x86
	EndGlobalSection
	GlobalSection(SolutionProperties) = preSolution
		HideSolutionNode = FALSE
	EndGlobalSection
	GlobalSection(ProjectConfigurationPlatforms) = postSolution
		{9B2ECA24-8577-4435-932D-F358A68A647F}.Debug|Any CPU.ActiveCfg = Debug|Any CPU
		{9B2ECA24-8577-4435-932D-F358A68A647F}.Debug|Any CPU.Build.0 = Debug|Any CPU
		{9B2ECA24-8577-4435-932D-F358A68A647F}.Debug|x64.ActiveCfg = Debug|Any CPU
		{9B2ECA24-8577-4435-932D-F358A68A647F}.Debug|x64.Build.0 = Debug|Any CPU
		{9B2ECA24-8577-4435-932D-F358A68A647F}.Debug|x86.ActiveCfg = Debug|Any CPU
		{9B2ECA24-8577-4435-932D-F358A68A647F}.Debug|x86.Build.0 = Debug|Any CPU
		{9B2ECA24-8577-4435-932D-F358A68A647F}.Release|Any CPU.ActiveCfg = Release|Any CPU
		{9B2ECA24-8577-4435-932D-F358A68A647F}.Release|Any CPU.Build.0 = Release|Any CPU
		{9B2ECA24-8577-4435-932D-F358A68A647F}.Release|x64.ActiveCfg = Release|Any CPU
		{9B2ECA24-8577-4435-932D-F358A68A647F}.Release|x64.Build.0 = Release|Any CPU
		{9B2ECA24-8577-4435-932D-F358A68A647F}.Release|x86.ActiveCfg = Release|Any CPU
		{9B2ECA24-8577-4435-932D-F358A68A647F}.Release|x86.Build.0 = Release|Any CPU
		{2D298DFC-C768-4CD8-BB17-0244427B2ADE}.Debug|Any CPU.ActiveCfg = Debug|Any CPU
		{2D298DFC-C768-4CD8-BB17-0244427B2ADE}.Debug|Any CPU.Build.0 = Debug|Any CPU
		{2D298DFC-C768-4CD8-BB17-0244427B2ADE}.Debug|x64.ActiveCfg = Debug|Any CPU
		{2D298DFC-C768-4CD8-BB17-0244427B2ADE}.Debug|x64.Build.0 = Debug|Any CPU
		{2D298DFC-C768-4CD8-BB17-0244427B2ADE}.Debug|x86.ActiveCfg = Debug|Any CPU
		{2D298DFC-C768-4CD8-BB17-0244427B2ADE}.Debug|x86.Build.0 = Debug|Any CPU
		{2D298DFC-C768-4CD8-BB17-0244427B2ADE}.Release|Any CPU.ActiveCfg = Release|Any CPU
		{2D298DFC-C768-4CD8-BB17-0244427B2ADE}.Release|Any CPU.Build.0 = Release|Any CPU
		{2D298DFC-C768-4CD8-BB17-0244427B2ADE}.Release|x64.ActiveCfg = Release|Any CPU
		{2D298DFC-C768-4CD8-BB17-0244427B2ADE}.Release|x64.Build.0 = Release|Any CPU
		{2D298DFC-C768-4CD8-BB17-0244427B2ADE}.Release|x86.ActiveCfg = Release|Any CPU
		{2D298DFC-C768-4CD8-BB17-0244427B2ADE}.Release|x86.Build.0 = Release|Any CPU
		{309E7420-AF6E-4333-8049-252FFE3D94B7}.Debug|Any CPU.ActiveCfg = Debug|Any CPU
		{309E7420-AF6E-4333-8049-252FFE3D94B7}.Debug|Any CPU.Build.0 = Debug|Any CPU
		{309E7420-AF6E-4333-8049-252FFE3D94B7}.Debug|x64.ActiveCfg = Debug|Any CPU
		{309E7420-AF6E-4333-8049-252FFE3D94B7}.Debug|x64.Build.0 = Debug|Any CPU
		{309E7420-AF6E-4333-8049-252FFE3D94B7}.Debug|x86.ActiveCfg = Debug|Any CPU
		{309E7420-AF6E-4333-8049-252FFE3D94B7}.Debug|x86.Build.0 = Debug|Any CPU
		{309E7420-AF6E-4333-8049-252FFE3D94B7}.Release|Any CPU.ActiveCfg = Release|Any CPU
		{309E7420-AF6E-4333-8049-252FFE3D94B7}.Release|Any CPU.Build.0 = Release|Any CPU
		{309E7420-AF6E-4333-8049-252FFE3D94B7}.Release|x64.ActiveCfg = Release|Any CPU
		{309E7420-AF6E-4333-8049-252FFE3D94B7}.Release|x64.Build.0 = Release|Any CPU
		{309E7420-AF6E-4333-8049-252FFE3D94B7}.Release|x86.ActiveCfg = Release|Any CPU
		{309E7420-AF6E-4333-8049-252FFE3D94B7}.Release|x86.Build.0 = Release|Any CPU
	EndGlobalSection
EndGlobal
