
Microsoft Visual Studio Solution File, Format Version 12.00
# Visual Studio Version 16
VisualStudioVersion = 16.0.32929.386
MinimumVisualStudioVersion = 10.0.40219.1
Project("{FAE04EC0-301F-11D3-BF4B-00C04F79EFBC}") = "crudNhibernate", "crudNhibernate\crudNhibernate.csproj", "{6720272A-0DFB-4B65-9FD1-00E92B97E85B}"
EndProject
Global
	GlobalSection(SolutionConfigurationPlatforms) = preSolution
		Debug|Any CPU = Debug|Any CPU
		Release|Any CPU = Release|Any CPU
	EndGlobalSection
	GlobalSection(ProjectConfigurationPlatforms) = postSolution
		{6720272A-0DFB-4B65-9FD1-00E92B97E85B}.Debug|Any CPU.ActiveCfg = Debug|Any CPU
		{6720272A-0DFB-4B65-9FD1-00E92B97E85B}.Debug|Any CPU.Build.0 = Debug|Any CPU
		{6720272A-0DFB-4B65-9FD1-00E92B97E85B}.Release|Any CPU.ActiveCfg = Release|Any CPU
		{6720272A-0DFB-4B65-9FD1-00E92B97E85B}.Release|Any CPU.Build.0 = Release|Any CPU
	EndGlobalSection
	GlobalSection(SolutionProperties) = preSolution
		HideSolutionNode = FALSE
	EndGlobalSection
	GlobalSection(ExtensibilityGlobals) = postSolution
		SolutionGuid = {0008C037-52B5-42FA-A2FE-EE464AF4DAA7}
	EndGlobalSection
EndGlobal
