
Microsoft Visual Studio Solution File, Format Version 12.00
# Visual Studio 15
VisualStudioVersion = 15.0.26124.0
MinimumVisualStudioVersion = 15.0.26124.0
Project("{FAE04EC0-301F-11D3-BF4B-00C04F79EFBC}") = "ProAgil.API", "ProAgil.API\ProAgil.API.csproj", "{81D6A341-1303-4709-A547-6D185D41FF1B}"
EndProject
Project("{FAE04EC0-301F-11D3-BF4B-00C04F79EFBC}") = "ProAgil.Repository", "ProAgil.Repository\ProAgil.Repository.csproj", "{0C4ECA0B-DBD6-48EA-94EB-DE60E537B92A}"
EndProject
Project("{FAE04EC0-301F-11D3-BF4B-00C04F79EFBC}") = "ProAgil.Domain", "ProAgil.Domain\ProAgil.Domain.csproj", "{9E575532-4A3E-4D08-B751-EB9CDCF2B8E6}"
EndProject
Global
	GlobalSection(SolutionConfigurationPlatforms) = preSolution
		Debug|Any CPU = Debug|Any CPU
		Debug|x64 = Debug|x64
		Debug|x86 = Debug|x86
		Release|Any CPU = Release|Any CPU
		Release|x64 = Release|x64
		Release|x86 = Release|x86
	EndGlobalSection
	GlobalSection(SolutionProperties) = preSolution
		HideSolutionNode = FALSE
	EndGlobalSection
	GlobalSection(ProjectConfigurationPlatforms) = postSolution
		{81D6A341-1303-4709-A547-6D185D41FF1B}.Debug|Any CPU.ActiveCfg = Debug|Any CPU
		{81D6A341-1303-4709-A547-6D185D41FF1B}.Debug|Any CPU.Build.0 = Debug|Any CPU
		{81D6A341-1303-4709-A547-6D185D41FF1B}.Debug|x64.ActiveCfg = Debug|Any CPU
		{81D6A341-1303-4709-A547-6D185D41FF1B}.Debug|x64.Build.0 = Debug|Any CPU
		{81D6A341-1303-4709-A547-6D185D41FF1B}.Debug|x86.ActiveCfg = Debug|Any CPU
		{81D6A341-1303-4709-A547-6D185D41FF1B}.Debug|x86.Build.0 = Debug|Any CPU
		{81D6A341-1303-4709-A547-6D185D41FF1B}.Release|Any CPU.ActiveCfg = Release|Any CPU
		{81D6A341-1303-4709-A547-6D185D41FF1B}.Release|Any CPU.Build.0 = Release|Any CPU
		{81D6A341-1303-4709-A547-6D185D41FF1B}.Release|x64.ActiveCfg = Release|Any CPU
		{81D6A341-1303-4709-A547-6D185D41FF1B}.Release|x64.Build.0 = Release|Any CPU
		{81D6A341-1303-4709-A547-6D185D41FF1B}.Release|x86.ActiveCfg = Release|Any CPU
		{81D6A341-1303-4709-A547-6D185D41FF1B}.Release|x86.Build.0 = Release|Any CPU
		{0C4ECA0B-DBD6-48EA-94EB-DE60E537B92A}.Debug|Any CPU.ActiveCfg = Debug|Any CPU
		{0C4ECA0B-DBD6-48EA-94EB-DE60E537B92A}.Debug|Any CPU.Build.0 = Debug|Any CPU
		{0C4ECA0B-DBD6-48EA-94EB-DE60E537B92A}.Debug|x64.ActiveCfg = Debug|Any CPU
		{0C4ECA0B-DBD6-48EA-94EB-DE60E537B92A}.Debug|x64.Build.0 = Debug|Any CPU
		{0C4ECA0B-DBD6-48EA-94EB-DE60E537B92A}.Debug|x86.ActiveCfg = Debug|Any CPU
		{0C4ECA0B-DBD6-48EA-94EB-DE60E537B92A}.Debug|x86.Build.0 = Debug|Any CPU
		{0C4ECA0B-DBD6-48EA-94EB-DE60E537B92A}.Release|Any CPU.ActiveCfg = Release|Any CPU
		{0C4ECA0B-DBD6-48EA-94EB-DE60E537B92A}.Release|Any CPU.Build.0 = Release|Any CPU
		{0C4ECA0B-DBD6-48EA-94EB-DE60E537B92A}.Release|x64.ActiveCfg = Release|Any CPU
		{0C4ECA0B-DBD6-48EA-94EB-DE60E537B92A}.Release|x64.Build.0 = Release|Any CPU
		{0C4ECA0B-DBD6-48EA-94EB-DE60E537B92A}.Release|x86.ActiveCfg = Release|Any CPU
		{0C4ECA0B-DBD6-48EA-94EB-DE60E537B92A}.Release|x86.Build.0 = Release|Any CPU
		{9E575532-4A3E-4D08-B751-EB9CDCF2B8E6}.Debug|Any CPU.ActiveCfg = Debug|Any CPU
		{9E575532-4A3E-4D08-B751-EB9CDCF2B8E6}.Debug|Any CPU.Build.0 = Debug|Any CPU
		{9E575532-4A3E-4D08-B751-EB9CDCF2B8E6}.Debug|x64.ActiveCfg = Debug|Any CPU
		{9E575532-4A3E-4D08-B751-EB9CDCF2B8E6}.Debug|x64.Build.0 = Debug|Any CPU
		{9E575532-4A3E-4D08-B751-EB9CDCF2B8E6}.Debug|x86.ActiveCfg = Debug|Any CPU
		{9E575532-4A3E-4D08-B751-EB9CDCF2B8E6}.Debug|x86.Build.0 = Debug|Any CPU
		{9E575532-4A3E-4D08-B751-EB9CDCF2B8E6}.Release|Any CPU.ActiveCfg = Release|Any CPU
		{9E575532-4A3E-4D08-B751-EB9CDCF2B8E6}.Release|Any CPU.Build.0 = Release|Any CPU
		{9E575532-4A3E-4D08-B751-EB9CDCF2B8E6}.Release|x64.ActiveCfg = Release|Any CPU
		{9E575532-4A3E-4D08-B751-EB9CDCF2B8E6}.Release|x64.Build.0 = Release|Any CPU
		{9E575532-4A3E-4D08-B751-EB9CDCF2B8E6}.Release|x86.ActiveCfg = Release|Any CPU
		{9E575532-4A3E-4D08-B751-EB9CDCF2B8E6}.Release|x86.Build.0 = Release|Any CPU
	EndGlobalSection
EndGlobal
